{
  "name": "Assets",
  "lockfileVersion": 3,
  "requires": true,
  "packages": {
    "": {
      "dependencies": {
        "@easy-games/unity-object-utils": "^1.2.12"
      }
    },
    "node_modules/@easy-games/unity-object-utils": {
      "version": "1.2.12",
      "resolved": "https://registry.npmjs.org/@easy-games/unity-object-utils/-/unity-object-utils-1.2.12.tgz",
      "integrity": "sha512-f9Clyzb7wozk8E+8VVEETuEW/z0EK54RsKHazX1viUZoBeXo3/1Y5yIxmkhpDWbClvEWtvlQMyJYltboD5brrw=="
    }
  }
}
